
Microsoft Visual Studio Solution File, Format Version 12.00
# Visual Studio Version 17
VisualStudioVersion = 17.6.33801.468
MinimumVisualStudioVersion = 10.0.40219.1
Project("{FAE04EC0-301F-11D3-BF4B-00C04F79EFBC}") = "Employee_System", "Employee_System\Employee_System.csproj", "{596798AA-61D5-4823-B8A6-078D36FFCF7D}"
EndProject
Global
	GlobalSection(SolutionConfigurationPlatforms) = preSolution
		Debug|Any CPU = Debug|Any CPU
		Release|Any CPU = Release|Any CPU
	EndGlobalSection
	GlobalSection(ProjectConfigurationPlatforms) = postSolution
		{596798AA-61D5-4823-B8A6-078D36FFCF7D}.Debug|Any CPU.ActiveCfg = Debug|Any CPU
		{596798AA-61D5-4823-B8A6-078D36FFCF7D}.Debug|Any CPU.Build.0 = Debug|Any CPU
		{596798AA-61D5-4823-B8A6-078D36FFCF7D}.Release|Any CPU.ActiveCfg = Release|Any CPU
		{596798AA-61D5-4823-B8A6-078D36FFCF7D}.Release|Any CPU.Build.0 = Release|Any CPU
	EndGlobalSection
	GlobalSection(SolutionProperties) = preSolution
		HideSolutionNode = FALSE
	EndGlobalSection
	GlobalSection(ExtensibilityGlobals) = postSolution
		SolutionGuid = {FB7091AC-B763-4F14-9D6E-DDE83E9381F3}
	EndGlobalSection
EndGlobal
